// !$*UTF8*$!
{
	archiveVersion = 1;
	classes = {
	};
	objectVersion = 50;
	objects = {

/* Begin PBXBuildFile section */
		5E0CDEE2AED3E8BC3DC7F9B5 /* libPods-Weather.a in Frameworks */ = {isa = PBXBuildFile; fileRef = 24419892EE09486D1BBF9548 /* libPods-Weather.a */; };
		FC13FE7C2200DD1A000A32E4 /* AppDelegate.m in Sources */ = {isa = PBXBuildFile; fileRef = FC13FE7B2200DD1A000A32E4 /* AppDelegate.m */; };
		FC13FE822200DD1A000A32E4 /* Main.storyboard in Resources */ = {isa = PBXBuildFile; fileRef = FC13FE802200DD1A000A32E4 /* Main.storyboard */; };
		FC13FE842200DD1B000A32E4 /* Assets.xcassets in Resources */ = {isa = PBXBuildFile; fileRef = FC13FE832200DD1B000A32E4 /* Assets.xcassets */; };
		FC13FE872200DD1B000A32E4 /* LaunchScreen.storyboard in Resources */ = {isa = PBXBuildFile; fileRef = FC13FE852200DD1B000A32E4 /* LaunchScreen.storyboard */; };
		FC13FE8A2200DD1B000A32E4 /* main.m in Sources */ = {isa = PBXBuildFile; fileRef = FC13FE892200DD1B000A32E4 /* main.m */; };
		FC13FE952200F56B000A32E4 /* WebServices.m in Sources */ = {isa = PBXBuildFile; fileRef = FC13FE942200F56B000A32E4 /* WebServices.m */; };
		FC61632322012404006ECFDF /* City.m in Sources */ = {isa = PBXBuildFile; fileRef = FC61632222012404006ECFDF /* City.m */; };
		FC61632722012710006ECFDF /* CityBuilder.m in Sources */ = {isa = PBXBuildFile; fileRef = FC61632622012710006ECFDF /* CityBuilder.m */; };
		FC61632D22015EB1006ECFDF /* CitiesManager.m in Sources */ = {isa = PBXBuildFile; fileRef = FC61632C22015EB1006ECFDF /* CitiesManager.m */; };
		FC61633522021F87006ECFDF /* HomeTableViewController.m in Sources */ = {isa = PBXBuildFile; fileRef = FC61633422021F87006ECFDF /* HomeTableViewController.m */; };
		FC61633822021FA7006ECFDF /* CurrentWeatherTableViewCell.m in Sources */ = {isa = PBXBuildFile; fileRef = FC61633722021FA7006ECFDF /* CurrentWeatherTableViewCell.m */; };
		FC61633E2202A42C006ECFDF /* DetailViewController.m in Sources */ = {isa = PBXBuildFile; fileRef = FC61633D2202A42C006ECFDF /* DetailViewController.m */; };
		FC6163412202B685006ECFDF /* Weather.m in Sources */ = {isa = PBXBuildFile; fileRef = FC6163402202B685006ECFDF /* Weather.m */; };
		FC6163442202BC29006ECFDF /* WeatherBuilder.m in Sources */ = {isa = PBXBuildFile; fileRef = FC6163432202BC29006ECFDF /* WeatherBuilder.m */; };
		FC6163472202CB15006ECFDF /* FutureWeatherTableViewCell.m in Sources */ = {isa = PBXBuildFile; fileRef = FC6163462202CB15006ECFDF /* FutureWeatherTableViewCell.m */; };
/* End PBXBuildFile section */

/* Begin PBXFileReference section */
		24419892EE09486D1BBF9548 /* libPods-Weather.a */ = {isa = PBXFileReference; explicitFileType = archive.ar; includeInIndex = 0; path = "libPods-Weather.a"; sourceTree = BUILT_PRODUCTS_DIR; };
		9C43A26419DE21EB8CF4ACD2 /* Pods-Weather.debug.xcconfig */ = {isa = PBXFileReference; includeInIndex = 1; lastKnownFileType = text.xcconfig; name = "Pods-Weather.debug.xcconfig"; path = "Pods/Target Support Files/Pods-Weather/Pods-Weather.debug.xcconfig"; sourceTree = "<group>"; };
		A4FEE14715264C3BFB113619 /* Pods-Weather.release.xcconfig */ = {isa = PBXFileReference; includeInIndex = 1; lastKnownFileType = text.xcconfig; name = "Pods-Weather.release.xcconfig"; path = "Pods/Target Support Files/Pods-Weather/Pods-Weather.release.xcconfig"; sourceTree = "<group>"; };
		FC13FE772200DD1A000A32E4 /* Weather.app */ = {isa = PBXFileReference; explicitFileType = wrapper.application; includeInIndex = 0; path = Weather.app; sourceTree = BUILT_PRODUCTS_DIR; };
		FC13FE7A2200DD1A000A32E4 /* AppDelegate.h */ = {isa = PBXFileReference; lastKnownFileType = sourcecode.c.h; path = AppDelegate.h; sourceTree = "<group>"; };
		FC13FE7B2200DD1A000A32E4 /* AppDelegate.m */ = {isa = PBXFileReference; lastKnownFileType = sourcecode.c.objc; path = AppDelegate.m; sourceTree = "<group>"; };
		FC13FE812200DD1A000A32E4 /* Base */ = {isa = PBXFileReference; lastKnownFileType = file.storyboard; name = Base; path = Base.lproj/Main.storyboard; sourceTree = "<group>"; };
		FC13FE832200DD1B000A32E4 /* Assets.xcassets */ = {isa = PBXFileReference; lastKnownFileType = folder.assetcatalog; path = Assets.xcassets; sourceTree = "<group>"; };
		FC13FE862200DD1B000A32E4 /* Base */ = {isa = PBXFileReference; lastKnownFileType = file.storyboard; name = Base; path = Base.lproj/LaunchScreen.storyboard; sourceTree = "<group>"; };
		FC13FE882200DD1B000A32E4 /* Info.plist */ = {isa = PBXFileReference; lastKnownFileType = text.plist.xml; path = Info.plist; sourceTree = "<group>"; };
		FC13FE892200DD1B000A32E4 /* main.m */ = {isa = PBXFileReference; lastKnownFileType = sourcecode.c.objc; path = main.m; sourceTree = "<group>"; };
		FC13FE932200F56B000A32E4 /* WebServices.h */ = {isa = PBXFileReference; lastKnownFileType = sourcecode.c.h; path = WebServices.h; sourceTree = "<group>"; };
		FC13FE942200F56B000A32E4 /* WebServices.m */ = {isa = PBXFileReference; lastKnownFileType = sourcecode.c.objc; path = WebServices.m; sourceTree = "<group>"; };
		FC61632122012404006ECFDF /* City.h */ = {isa = PBXFileReference; lastKnownFileType = sourcecode.c.h; path = City.h; sourceTree = "<group>"; };
		FC61632222012404006ECFDF /* City.m */ = {isa = PBXFileReference; lastKnownFileType = sourcecode.c.objc; path = City.m; sourceTree = "<group>"; };
		FC61632522012710006ECFDF /* CityBuilder.h */ = {isa = PBXFileReference; lastKnownFileType = sourcecode.c.h; path = CityBuilder.h; sourceTree = "<group>"; };
		FC61632622012710006ECFDF /* CityBuilder.m */ = {isa = PBXFileReference; lastKnownFileType = sourcecode.c.objc; path = CityBuilder.m; sourceTree = "<group>"; };
		FC61632B22015EB1006ECFDF /* CitiesManager.h */ = {isa = PBXFileReference; lastKnownFileType = sourcecode.c.h; path = CitiesManager.h; sourceTree = "<group>"; };
		FC61632C22015EB1006ECFDF /* CitiesManager.m */ = {isa = PBXFileReference; lastKnownFileType = sourcecode.c.objc; path = CitiesManager.m; sourceTree = "<group>"; };
		FC61633322021F87006ECFDF /* HomeTableViewController.h */ = {isa = PBXFileReference; lastKnownFileType = sourcecode.c.h; path = HomeTableViewController.h; sourceTree = "<group>"; };
		FC61633422021F87006ECFDF /* HomeTableViewController.m */ = {isa = PBXFileReference; lastKnownFileType = sourcecode.c.objc; path = HomeTableViewController.m; sourceTree = "<group>"; };
		FC61633622021FA7006ECFDF /* CurrentWeatherTableViewCell.h */ = {isa = PBXFileReference; lastKnownFileType = sourcecode.c.h; path = CurrentWeatherTableViewCell.h; sourceTree = "<group>"; };
		FC61633722021FA7006ECFDF /* CurrentWeatherTableViewCell.m */ = {isa = PBXFileReference; lastKnownFileType = sourcecode.c.objc; path = CurrentWeatherTableViewCell.m; sourceTree = "<group>"; };
		FC61633C2202A42C006ECFDF /* DetailViewController.h */ = {isa = PBXFileReference; lastKnownFileType = sourcecode.c.h; path = DetailViewController.h; sourceTree = "<group>"; };
		FC61633D2202A42C006ECFDF /* DetailViewController.m */ = {isa = PBXFileReference; lastKnownFileType = sourcecode.c.objc; path = DetailViewController.m; sourceTree = "<group>"; };
		FC61633F2202B685006ECFDF /* Weather.h */ = {isa = PBXFileReference; lastKnownFileType = sourcecode.c.h; path = Weather.h; sourceTree = "<group>"; };
		FC6163402202B685006ECFDF /* Weather.m */ = {isa = PBXFileReference; lastKnownFileType = sourcecode.c.objc; path = Weather.m; sourceTree = "<group>"; };
		FC6163422202BC29006ECFDF /* WeatherBuilder.h */ = {isa = PBXFileReference; lastKnownFileType = sourcecode.c.h; path = WeatherBuilder.h; sourceTree = "<group>"; };
		FC6163432202BC29006ECFDF /* WeatherBuilder.m */ = {isa = PBXFileReference; lastKnownFileType = sourcecode.c.objc; path = WeatherBuilder.m; sourceTree = "<group>"; };
		FC6163452202CB15006ECFDF /* FutureWeatherTableViewCell.h */ = {isa = PBXFileReference; lastKnownFileType = sourcecode.c.h; path = FutureWeatherTableViewCell.h; sourceTree = "<group>"; };
		FC6163462202CB15006ECFDF /* FutureWeatherTableViewCell.m */ = {isa = PBXFileReference; lastKnownFileType = sourcecode.c.objc; path = FutureWeatherTableViewCell.m; sourceTree = "<group>"; };
/* End PBXFileReference section */

/* Begin PBXFrameworksBuildPhase section */
		FC13FE742200DD1A000A32E4 /* Frameworks */ = {
			isa = PBXFrameworksBuildPhase;
			buildActionMask = 2147483647;
			files = (
				5E0CDEE2AED3E8BC3DC7F9B5 /* libPods-Weather.a in Frameworks */,
			);
			runOnlyForDeploymentPostprocessing = 0;
		};
/* End PBXFrameworksBuildPhase section */

/* Begin PBXGroup section */
		0BBD318FEF99868A171DAB06 /* Frameworks */ = {
			isa = PBXGroup;
			children = (
				24419892EE09486D1BBF9548 /* libPods-Weather.a */,
			);
			name = Frameworks;
			sourceTree = "<group>";
		};
		697E4FF6411435914797D098 /* Pods */ = {
			isa = PBXGroup;
			children = (
				9C43A26419DE21EB8CF4ACD2 /* Pods-Weather.debug.xcconfig */,
				A4FEE14715264C3BFB113619 /* Pods-Weather.release.xcconfig */,
			);
			name = Pods;
			sourceTree = "<group>";
		};
		FC13FE6E2200DD1A000A32E4 = {
			isa = PBXGroup;
			children = (
				FC13FE792200DD1A000A32E4 /* Weather */,
				FC13FE782200DD1A000A32E4 /* Products */,
				697E4FF6411435914797D098 /* Pods */,
				0BBD318FEF99868A171DAB06 /* Frameworks */,
			);
			sourceTree = "<group>";
		};
		FC13FE782200DD1A000A32E4 /* Products */ = {
			isa = PBXGroup;
			children = (
				FC13FE772200DD1A000A32E4 /* Weather.app */,
			);
			name = Products;
			sourceTree = "<group>";
		};
		FC13FE792200DD1A000A32E4 /* Weather */ = {
			isa = PBXGroup;
			children = (
				FC13FE7A2200DD1A000A32E4 /* AppDelegate.h */,
				FC13FE7B2200DD1A000A32E4 /* AppDelegate.m */,
				FC13FE962200F572000A32E4 /* Networking */,
				FC6163202201226A006ECFDF /* Model */,
				FC61633122021E16006ECFDF /* Managers */,
				FC13FE972200F587000A32E4 /* View Controllers */,
				FC61633222021F55006ECFDF /* Cells */,
				FC13FE982200F5B1000A32E4 /* Storyboards */,
				FC13FE832200DD1B000A32E4 /* Assets.xcassets */,
				FC13FE882200DD1B000A32E4 /* Info.plist */,
				FC13FE892200DD1B000A32E4 /* main.m */,
			);
			path = Weather;
			sourceTree = "<group>";
		};
		FC13FE962200F572000A32E4 /* Networking */ = {
			isa = PBXGroup;
			children = (
				FC13FE932200F56B000A32E4 /* WebServices.h */,
				FC13FE942200F56B000A32E4 /* WebServices.m */,
			);
			path = Networking;
			sourceTree = "<group>";
		};
		FC13FE972200F587000A32E4 /* View Controllers */ = {
			isa = PBXGroup;
			children = (
				FC61633322021F87006ECFDF /* HomeTableViewController.h */,
				FC61633422021F87006ECFDF /* HomeTableViewController.m */,
				FC61633C2202A42C006ECFDF /* DetailViewController.h */,
				FC61633D2202A42C006ECFDF /* DetailViewController.m */,
			);
			path = "View Controllers";
			sourceTree = "<group>";
		};
		FC13FE982200F5B1000A32E4 /* Storyboards */ = {
			isa = PBXGroup;
			children = (
				FC13FE802200DD1A000A32E4 /* Main.storyboard */,
				FC13FE852200DD1B000A32E4 /* LaunchScreen.storyboard */,
			);
			path = Storyboards;
			sourceTree = "<group>";
		};
		FC6163202201226A006ECFDF /* Model */ = {
			isa = PBXGroup;
			children = (
				FC616324220126FA006ECFDF /* Builders */,
				FC61632122012404006ECFDF /* City.h */,
				FC61632222012404006ECFDF /* City.m */,
				FC61633F2202B685006ECFDF /* Weather.h */,
				FC6163402202B685006ECFDF /* Weather.m */,
			);
			path = Model;
			sourceTree = "<group>";
		};
		FC616324220126FA006ECFDF /* Builders */ = {
			isa = PBXGroup;
			children = (
				FC61632522012710006ECFDF /* CityBuilder.h */,
				FC61632622012710006ECFDF /* CityBuilder.m */,
				FC6163422202BC29006ECFDF /* WeatherBuilder.h */,
				FC6163432202BC29006ECFDF /* WeatherBuilder.m */,
			);
			path = Builders;
			sourceTree = "<group>";
		};
		FC61633122021E16006ECFDF /* Managers */ = {
			isa = PBXGroup;
			children = (
				FC61632B22015EB1006ECFDF /* CitiesManager.h */,
				FC61632C22015EB1006ECFDF /* CitiesManager.m */,
			);
			path = Managers;
			sourceTree = "<group>";
		};
		FC61633222021F55006ECFDF /* Cells */ = {
			isa = PBXGroup;
			children = (
				FC61633622021FA7006ECFDF /* CurrentWeatherTableViewCell.h */,
				FC61633722021FA7006ECFDF /* CurrentWeatherTableViewCell.m */,
				FC6163452202CB15006ECFDF /* FutureWeatherTableViewCell.h */,
				FC6163462202CB15006ECFDF /* FutureWeatherTableViewCell.m */,
			);
			path = Cells;
			sourceTree = "<group>";
		};
/* End PBXGroup section */

/* Begin PBXNativeTarget section */
		FC13FE762200DD1A000A32E4 /* Weather */ = {
			isa = PBXNativeTarget;
			buildConfigurationList = FC13FE8D2200DD1B000A32E4 /* Build configuration list for PBXNativeTarget "Weather" */;
			buildPhases = (
				C53B6A628BC02566421DC0DE /* [CP] Check Pods Manifest.lock */,
				FC13FE732200DD1A000A32E4 /* Sources */,
				FC13FE742200DD1A000A32E4 /* Frameworks */,
				FC13FE752200DD1A000A32E4 /* Resources */,
				E0C2AC15267115510843EEA2 /* [CP] Copy Pods Resources */,
			);
			buildRules = (
			);
			dependencies = (
			);
			name = Weather;
			productName = Weather;
			productReference = FC13FE772200DD1A000A32E4 /* Weather.app */;
			productType = "com.apple.product-type.application";
		};
/* End PBXNativeTarget section */

/* Begin PBXProject section */
		FC13FE6F2200DD1A000A32E4 /* Project object */ = {
			isa = PBXProject;
			attributes = {
				LastUpgradeCheck = 1010;
				ORGANIZATIONNAME = "Tristan Darwent";
				TargetAttributes = {
					FC13FE762200DD1A000A32E4 = {
						CreatedOnToolsVersion = 10.1;
					};
				};
			};
			buildConfigurationList = FC13FE722200DD1A000A32E4 /* Build configuration list for PBXProject "Weather" */;
			compatibilityVersion = "Xcode 9.3";
			developmentRegion = en;
			hasScannedForEncodings = 0;
			knownRegions = (
				en,
				Base,
			);
			mainGroup = FC13FE6E2200DD1A000A32E4;
			productRefGroup = FC13FE782200DD1A000A32E4 /* Products */;
			projectDirPath = "";
			projectRoot = "";
			targets = (
				FC13FE762200DD1A000A32E4 /* Weather */,
			);
		};
/* End PBXProject section */

/* Begin PBXResourcesBuildPhase section */
		FC13FE752200DD1A000A32E4 /* Resources */ = {
			isa = PBXResourcesBuildPhase;
			buildActionMask = 2147483647;
			files = (
				FC13FE872200DD1B000A32E4 /* LaunchScreen.storyboard in Resources */,
				FC13FE842200DD1B000A32E4 /* Assets.xcassets in Resources */,
				FC13FE822200DD1A000A32E4 /* Main.storyboard in Resources */,
			);
			runOnlyForDeploymentPostprocessing = 0;
		};
/* End PBXResourcesBuildPhase section */

/* Begin PBXShellScriptBuildPhase section */
		C53B6A628BC02566421DC0DE /* [CP] Check Pods Manifest.lock */ = {
			isa = PBXShellScriptBuildPhase;
			buildActionMask = 2147483647;
			files = (
			);
			inputFileListPaths = (
			);
			inputPaths = (
				"${PODS_PODFILE_DIR_PATH}/Podfile.lock",
				"${PODS_ROOT}/Manifest.lock",
			);
			name = "[CP] Check Pods Manifest.lock";
			outputFileListPaths = (
			);
			outputPaths = (
				"$(DERIVED_FILE_DIR)/Pods-Weather-checkManifestLockResult.txt",
			);
			runOnlyForDeploymentPostprocessing = 0;
			shellPath = /bin/sh;
			shellScript = "diff \"${PODS_PODFILE_DIR_PATH}/Podfile.lock\" \"${PODS_ROOT}/Manifest.lock\" > /dev/null\nif [ $? != 0 ] ; then\n    # print error to STDERR\n    echo \"error: The sandbox is not in sync with the Podfile.lock. Run 'pod install' or update your CocoaPods installation.\" >&2\n    exit 1\nfi\n# This output is used by Xcode 'outputs' to avoid re-running this script phase.\necho \"SUCCESS\" > \"${SCRIPT_OUTPUT_FILE_0}\"\n";
			showEnvVarsInLog = 0;
		};
		E0C2AC15267115510843EEA2 /* [CP] Copy Pods Resources */ = {
			isa = PBXShellScriptBuildPhase;
			buildActionMask = 2147483647;
			files = (
			);
			inputFileListPaths = (
			);
			inputPaths = (
				"${SRCROOT}/Pods/Target Support Files/Pods-Weather/Pods-Weather-resources.sh",
				"${PODS_ROOT}/GooglePlaces/Frameworks/GooglePlaces.framework/Resources/GooglePlaces.bundle",
			);
			name = "[CP] Copy Pods Resources";
			outputFileListPaths = (
			);
			outputPaths = (
				"${TARGET_BUILD_DIR}/${UNLOCALIZED_RESOURCES_FOLDER_PATH}/GooglePlaces.bundle",
			);
			runOnlyForDeploymentPostprocessing = 0;
			shellPath = /bin/sh;
			shellScript = "\"${SRCROOT}/Pods/Target Support Files/Pods-Weather/Pods-Weather-resources.sh\"\n";
			showEnvVarsInLog = 0;
		};
/* End PBXShellScriptBuildPhase section */

/* Begin PBXSourcesBuildPhase section */
		FC13FE732200DD1A000A32E4 /* Sources */ = {
			isa = PBXSourcesBuildPhase;
			buildActionMask = 2147483647;
			files = (
				FC61632722012710006ECFDF /* CityBuilder.m in Sources */,
				FC61632322012404006ECFDF /* City.m in Sources */,
				FC61633E2202A42C006ECFDF /* DetailViewController.m in Sources */,
				FC13FE8A2200DD1B000A32E4 /* main.m in Sources */,
				FC6163412202B685006ECFDF /* Weather.m in Sources */,
				FC6163472202CB15006ECFDF /* FutureWeatherTableViewCell.m in Sources */,
				FC61633522021F87006ECFDF /* HomeTableViewController.m in Sources */,
				FC13FE952200F56B000A32E4 /* WebServices.m in Sources */,
				FC6163442202BC29006ECFDF /* WeatherBuilder.m in Sources */,
				FC61632D22015EB1006ECFDF /* CitiesManager.m in Sources */,
				FC61633822021FA7006ECFDF /* CurrentWeatherTableViewCell.m in Sources */,
				FC13FE7C2200DD1A000A32E4 /* AppDelegate.m in Sources */,
			);
			runOnlyForDeploymentPostprocessing = 0;
		};
/* End PBXSourcesBuildPhase section */

/* Begin PBXVariantGroup section */
		FC13FE802200DD1A000A32E4 /* Main.storyboard */ = {
			isa = PBXVariantGroup;
			children = (
				FC13FE812200DD1A000A32E4 /* Base */,
			);
			name = Main.storyboard;
			sourceTree = "<group>";
		};
		FC13FE852200DD1B000A32E4 /* LaunchScreen.storyboard */ = {
			isa = PBXVariantGroup;
			children = (
				FC13FE862200DD1B000A32E4 /* Base */,
			);
			name = LaunchScreen.storyboard;
			sourceTree = "<group>";
		};
/* End PBXVariantGroup section */

/* Begin XCBuildConfiguration section */
		FC13FE8B2200DD1B000A32E4 /* Debug */ = {
			isa = XCBuildConfiguration;
			buildSettings = {
				ALWAYS_SEARCH_USER_PATHS = NO;
				CLANG_ANALYZER_NONNULL = YES;
				CLANG_ANALYZER_NUMBER_OBJECT_CONVERSION = YES_AGGRESSIVE;
				CLANG_CXX_LANGUAGE_STANDARD = "gnu++14";
				CLANG_CXX_LIBRARY = "libc++";
				CLANG_ENABLE_MODULES = YES;
				CLANG_ENABLE_OBJC_ARC = YES;
				CLANG_ENABLE_OBJC_WEAK = YES;
				CLANG_WARN_BLOCK_CAPTURE_AUTORELEASING = YES;
				CLANG_WARN_BOOL_CONVERSION = YES;
				CLANG_WARN_COMMA = YES;
				CLANG_WARN_CONSTANT_CONVERSION = YES;
				CLANG_WARN_DEPRECATED_OBJC_IMPLEMENTATIONS = YES;
				CLANG_WARN_DIRECT_OBJC_ISA_USAGE = YES_ERROR;
				CLANG_WARN_DOCUMENTATION_COMMENTS = YES;
				CLANG_WARN_EMPTY_BODY = YES;
				CLANG_WARN_ENUM_CONVERSION = YES;
				CLANG_WARN_INFINITE_RECURSION = YES;
				CLANG_WARN_INT_CONVERSION = YES;
				CLANG_WARN_NON_LITERAL_NULL_CONVERSION = YES;
				CLANG_WARN_OBJC_IMPLICIT_RETAIN_SELF = YES;
				CLANG_WARN_OBJC_LITERAL_CONVERSION = YES;
				CLANG_WARN_OBJC_ROOT_CLASS = YES_ERROR;
				CLANG_WARN_RANGE_LOOP_ANALYSIS = YES;
				CLANG_WARN_STRICT_PROTOTYPES = YES;
				CLANG_WARN_SUSPICIOUS_MOVE = YES;
				CLANG_WARN_UNGUARDED_AVAILABILITY = YES_AGGRESSIVE;
				CLANG_WARN_UNREACHABLE_CODE = YES;
				CLANG_WARN__DUPLICATE_METHOD_MATCH = YES;
				CODE_SIGN_IDENTITY = "iPhone Developer";
				COPY_PHASE_STRIP = NO;
				DEBUG_INFORMATION_FORMAT = dwarf;
				ENABLE_STRICT_OBJC_MSGSEND = YES;
				ENABLE_TESTABILITY = YES;
				GCC_C_LANGUAGE_STANDARD = gnu11;
				GCC_DYNAMIC_NO_PIC = NO;
				GCC_NO_COMMON_BLOCKS = YES;
				GCC_OPTIMIZATION_LEVEL = 0;
				GCC_PREPROCESSOR_DEFINITIONS = (
					"DEBUG=1",
					"$(inherited)",
				);
				GCC_WARN_64_TO_32_BIT_CONVERSION = YES;
				GCC_WARN_ABOUT_RETURN_TYPE = YES_ERROR;
				GCC_WARN_UNDECLARED_SELECTOR = YES;
				GCC_WARN_UNINITIALIZED_AUTOS = YES_AGGRESSIVE;
				GCC_WARN_UNUSED_FUNCTION = YES;
				GCC_WARN_UNUSED_VARIABLE = YES;
				IPHONEOS_DEPLOYMENT_TARGET = 12.1;
				MTL_ENABLE_DEBUG_INFO = INCLUDE_SOURCE;
				MTL_FAST_MATH = YES;
				ONLY_ACTIVE_ARCH = YES;
				SDKROOT = iphoneos;
			};
			name = Debug;
		};
		FC13FE8C2200DD1B000A32E4 /* Release */ = {
			isa = XCBuildConfiguration;
			buildSettings = {
				ALWAYS_SEARCH_USER_PATHS = NO;
				CLANG_ANALYZER_NONNULL = YES;
				CLANG_ANALYZER_NUMBER_OBJECT_CONVERSION = YES_AGGRESSIVE;
				CLANG_CXX_LANGUAGE_STANDARD = "gnu++14";
				CLANG_CXX_LIBRARY = "libc++";
				CLANG_ENABLE_MODULES = YES;
				CLANG_ENABLE_OBJC_ARC = YES;
				CLANG_ENABLE_OBJC_WEAK = YES;
				CLANG_WARN_BLOCK_CAPTURE_AUTORELEASING = YES;
				CLANG_WARN_BOOL_CONVERSION = YES;
				CLANG_WARN_COMMA = YES;
				CLANG_WARN_CONSTANT_CONVERSION = YES;
				CLANG_WARN_DEPRECATED_OBJC_IMPLEMENTATIONS = YES;
				CLANG_WARN_DIRECT_OBJC_ISA_USAGE = YES_ERROR;
				CLANG_WARN_DOCUMENTATION_COMMENTS = YES;
				CLANG_WARN_EMPTY_BODY = YES;
				CLANG_WARN_ENUM_CONVERSION = YES;
				CLANG_WARN_INFINITE_RECURSION = YES;
				CLANG_WARN_INT_CONVERSION = YES;
				CLANG_WARN_NON_LITERAL_NULL_CONVERSION = YES;
				CLANG_WARN_OBJC_IMPLICIT_RETAIN_SELF = YES;
				CLANG_WARN_OBJC_LITERAL_CONVERSION = YES;
				CLANG_WARN_OBJC_ROOT_CLASS = YES_ERROR;
				CLANG_WARN_RANGE_LOOP_ANALYSIS = YES;
				CLANG_WARN_STRICT_PROTOTYPES = YES;
				CLANG_WARN_SUSPICIOUS_MOVE = YES;
				CLANG_WARN_UNGUARDED_AVAILABILITY = YES_AGGRESSIVE;
				CLANG_WARN_UNREACHABLE_CODE = YES;
				CLANG_WARN__DUPLICATE_METHOD_MATCH = YES;
				CODE_SIGN_IDENTITY = "iPhone Developer";
				COPY_PHASE_STRIP = NO;
				DEBUG_INFORMATION_FORMAT = "dwarf-with-dsym";
				ENABLE_NS_ASSERTIONS = NO;
				ENABLE_STRICT_OBJC_MSGSEND = YES;
				GCC_C_LANGUAGE_STANDARD = gnu11;
				GCC_NO_COMMON_BLOCKS = YES;
				GCC_WARN_64_TO_32_BIT_CONVERSION = YES;
				GCC_WARN_ABOUT_RETURN_TYPE = YES_ERROR;
				GCC_WARN_UNDECLARED_SELECTOR = YES;
				GCC_WARN_UNINITIALIZED_AUTOS = YES_AGGRESSIVE;
				GCC_WARN_UNUSED_FUNCTION = YES;
				GCC_WARN_UNUSED_VARIABLE = YES;
				IPHONEOS_DEPLOYMENT_TARGET = 12.1;
				MTL_ENABLE_DEBUG_INFO = NO;
				MTL_FAST_MATH = YES;
				SDKROOT = iphoneos;
				VALIDATE_PRODUCT = YES;
			};
			name = Release;
		};
		FC13FE8E2200DD1B000A32E4 /* Debug */ = {
			isa = XCBuildConfiguration;
			baseConfigurationReference = 9C43A26419DE21EB8CF4ACD2 /* Pods-Weather.debug.xcconfig */;
			buildSettings = {
				ASSETCATALOG_COMPILER_APPICON_NAME = AppIcon;
				CODE_SIGN_STYLE = Automatic;
				DEVELOPMENT_TEAM = L4E246355J;
				INFOPLIST_FILE = Weather/Info.plist;
				LD_RUNPATH_SEARCH_PATHS = (
					"$(inherited)",
					"@executable_path/Frameworks",
				);
				PRODUCT_BUNDLE_IDENTIFIER = com.tristandarwent.Weather;
				PRODUCT_NAME = "$(TARGET_NAME)";
				TARGETED_DEVICE_FAMILY = "1,2";
			};
			name = Debug;
		};
		FC13FE8F2200DD1B000A32E4 /* Release */ = {
			isa = XCBuildConfiguration;
			baseConfigurationReference = A4FEE14715264C3BFB113619 /* Pods-Weather.release.xcconfig */;
			buildSettings = {
				ASSETCATALOG_COMPILER_APPICON_NAME = AppIcon;
				CODE_SIGN_STYLE = Automatic;
				DEVELOPMENT_TEAM = L4E246355J;
				INFOPLIST_FILE = Weather/Info.plist;
				LD_RUNPATH_SEARCH_PATHS = (
					"$(inherited)",
					"@executable_path/Frameworks",
				);
				PRODUCT_BUNDLE_IDENTIFIER = com.tristandarwent.Weather;
				PRODUCT_NAME = "$(TARGET_NAME)";
				TARGETED_DEVICE_FAMILY = "1,2";
			};
			name = Release;
		};
/* End XCBuildConfiguration section */

/* Begin XCConfigurationList section */
		FC13FE722200DD1A000A32E4 /* Build configuration list for PBXProject "Weather" */ = {
			isa = XCConfigurationList;
			buildConfigurations = (
				FC13FE8B2200DD1B000A32E4 /* Debug */,
				FC13FE8C2200DD1B000A32E4 /* Release */,
			);
			defaultConfigurationIsVisible = 0;
			defaultConfigurationName = Release;
		};
		FC13FE8D2200DD1B000A32E4 /* Build configuration list for PBXNativeTarget "Weather" */ = {
			isa = XCConfigurationList;
			buildConfigurations = (
				FC13FE8E2200DD1B000A32E4 /* Debug */,
				FC13FE8F2200DD1B000A32E4 /* Release */,
			);
			defaultConfigurationIsVisible = 0;
			defaultConfigurationName = Release;
		};
/* End XCConfigurationList section */
	};
	rootObject = FC13FE6F2200DD1A000A32E4 /* Project object */;
}
